
Microsoft Visual Studio Solution File, Format Version 12.00
# Visual Studio Version 17
VisualStudioVersion = 17.9.34728.123
MinimumVisualStudioVersion = 10.0.40219.1
Project("{FAE04EC0-301F-11D3-BF4B-00C04F79EFBC}") = "UNIP2024Forms", "UNIP2024Forms\UNIP2024Forms.csproj", "{C31B423A-6D00-4D2F-8B39-1D45BAB3BEBE}"
EndProject
Global
	GlobalSection(SolutionConfigurationPlatforms) = preSolution
		Debug|Any CPU = Debug|Any CPU
		Release|Any CPU = Release|Any CPU
	EndGlobalSection
	GlobalSection(ProjectConfigurationPlatforms) = postSolution
		{C31B423A-6D00-4D2F-8B39-1D45BAB3BEBE}.Debug|Any CPU.ActiveCfg = Debug|Any CPU
		{C31B423A-6D00-4D2F-8B39-1D45BAB3BEBE}.Debug|Any CPU.Build.0 = Debug|Any CPU
		{C31B423A-6D00-4D2F-8B39-1D45BAB3BEBE}.Release|Any CPU.ActiveCfg = Release|Any CPU
		{C31B423A-6D00-4D2F-8B39-1D45BAB3BEBE}.Release|Any CPU.Build.0 = Release|Any CPU
	EndGlobalSection
	GlobalSection(SolutionProperties) = preSolution
		HideSolutionNode = FALSE
	EndGlobalSection
	GlobalSection(ExtensibilityGlobals) = postSolution
		SolutionGuid = {E714CA50-E502-40FA-B974-1A575EEE7881}
	EndGlobalSection
EndGlobal
